
Microsoft Visual Studio Solution File, Format Version 12.00
# Visual Studio Version 16
VisualStudioVersion = 16.0.31424.327
MinimumVisualStudioVersion = 10.0.40219.1
Project("{FAE04EC0-301F-11D3-BF4B-00C04F79EFBC}") = "Lab21_Lab25_MovieRegistration", "Lab21_Lab25_MovieRegistration\Lab21_Lab25_MovieRegistration.csproj", "{E18B8DB2-B019-4436-B411-00FFEE22316A}"
EndProject
Global
	GlobalSection(SolutionConfigurationPlatforms) = preSolution
		Debug|Any CPU = Debug|Any CPU
		Release|Any CPU = Release|Any CPU
	EndGlobalSection
	GlobalSection(ProjectConfigurationPlatforms) = postSolution
		{E18B8DB2-B019-4436-B411-00FFEE22316A}.Debug|Any CPU.ActiveCfg = Debug|Any CPU
		{E18B8DB2-B019-4436-B411-00FFEE22316A}.Debug|Any CPU.Build.0 = Debug|Any CPU
		{E18B8DB2-B019-4436-B411-00FFEE22316A}.Release|Any CPU.ActiveCfg = Release|Any CPU
		{E18B8DB2-B019-4436-B411-00FFEE22316A}.Release|Any CPU.Build.0 = Release|Any CPU
	EndGlobalSection
	GlobalSection(SolutionProperties) = preSolution
		HideSolutionNode = FALSE
	EndGlobalSection
	GlobalSection(ExtensibilityGlobals) = postSolution
		SolutionGuid = {D672D841-B0C2-4B3E-91B7-492CB0C10B7D}
	EndGlobalSection
EndGlobal
